// !$*UTF8*$!
{
	archiveVersion = 1;
	classes = {
	};
	objectVersion = 46;
	objects = {

/* Begin PBXBuildFile section */
		2D3EE9DA1A784AE100C23B1E /* AppDelegate.swift in Sources */ = {isa = PBXBuildFile; fileRef = 2D3EE9D91A784AE100C23B1E /* AppDelegate.swift */; };
		2D3EE9DF1A784AE100C23B1E /* Main.storyboard in Resources */ = {isa = PBXBuildFile; fileRef = 2D3EE9DD1A784AE100C23B1E /* Main.storyboard */; };
		2D3EE9E11A784AE100C23B1E /* Images.xcassets in Resources */ = {isa = PBXBuildFile; fileRef = 2D3EE9E01A784AE100C23B1E /* Images.xcassets */; };
		2D3EE9E41A784AE100C23B1E /* LaunchScreen.xib in Resources */ = {isa = PBXBuildFile; fileRef = 2D3EE9E21A784AE100C23B1E /* LaunchScreen.xib */; };
		2D3EE9FB1A784DD200C23B1E /* Bolts.framework in Frameworks */ = {isa = PBXBuildFile; fileRef = 2D3EE9F91A784DD200C23B1E /* Bolts.framework */; };
		2D3EE9FC1A784DD200C23B1E /* Parse.framework in Frameworks */ = {isa = PBXBuildFile; fileRef = 2D3EE9FA1A784DD200C23B1E /* Parse.framework */; };
		2D3EE9FE1A784E0A00C23B1E /* AudioToolbox.framework in Frameworks */ = {isa = PBXBuildFile; fileRef = 2D3EE9FD1A784E0A00C23B1E /* AudioToolbox.framework */; };
		2D3EEA001A784E1300C23B1E /* CFNetwork.framework in Frameworks */ = {isa = PBXBuildFile; fileRef = 2D3EE9FF1A784E1300C23B1E /* CFNetwork.framework */; };
		2D3EEA021A784E1B00C23B1E /* CoreGraphics.framework in Frameworks */ = {isa = PBXBuildFile; fileRef = 2D3EEA011A784E1B00C23B1E /* CoreGraphics.framework */; };
		2D3EEA041A784E2300C23B1E /* CoreLocation.framework in Frameworks */ = {isa = PBXBuildFile; fileRef = 2D3EEA031A784E2300C23B1E /* CoreLocation.framework */; };
		2D3EEA061A784E2B00C23B1E /* MobileCoreServices.framework in Frameworks */ = {isa = PBXBuildFile; fileRef = 2D3EEA051A784E2B00C23B1E /* MobileCoreServices.framework */; };
		2D3EEA081A784E2F00C23B1E /* QuartzCore.framework in Frameworks */ = {isa = PBXBuildFile; fileRef = 2D3EEA071A784E2F00C23B1E /* QuartzCore.framework */; };
		2D3EEA0A1A784E3600C23B1E /* Security.framework in Frameworks */ = {isa = PBXBuildFile; fileRef = 2D3EEA091A784E3600C23B1E /* Security.framework */; };
		2D3EEA0C1A784E3E00C23B1E /* StoreKit.framework in Frameworks */ = {isa = PBXBuildFile; fileRef = 2D3EEA0B1A784E3E00C23B1E /* StoreKit.framework */; };
		2D3EEA0E1A784E4A00C23B1E /* SystemConfiguration.framework in Frameworks */ = {isa = PBXBuildFile; fileRef = 2D3EEA0D1A784E4A00C23B1E /* SystemConfiguration.framework */; };
		2D3EEA101A784E5500C23B1E /* libz.dylib in Frameworks */ = {isa = PBXBuildFile; fileRef = 2D3EEA0F1A784E5500C23B1E /* libz.dylib */; };
		2D3EEA121A784E6300C23B1E /* libsqlite3.dylib in Frameworks */ = {isa = PBXBuildFile; fileRef = 2D3EEA111A784E6300C23B1E /* libsqlite3.dylib */; };
		2D54D4CF1AA6BC7600A0849F /* UserPost.swift in Sources */ = {isa = PBXBuildFile; fileRef = 2D54D4CE1AA6BC7600A0849F /* UserPost.swift */; };
		2D54D4D11AA6BCDA00A0849F /* UserCheckInOut.swift in Sources */ = {isa = PBXBuildFile; fileRef = 2D54D4D01AA6BCDA00A0849F /* UserCheckInOut.swift */; };
		2D802C891AAFEDD2007CA05B /* ParseCrashReporting.framework in Frameworks */ = {isa = PBXBuildFile; fileRef = 2D802C861AAFEDD2007CA05B /* ParseCrashReporting.framework */; };
		2D802C8A1AAFEDD2007CA05B /* ParseFacebookUtils.framework in Frameworks */ = {isa = PBXBuildFile; fileRef = 2D802C871AAFEDD2007CA05B /* ParseFacebookUtils.framework */; };
		2D802C8B1AAFEDD2007CA05B /* ParseUI.framework in Frameworks */ = {isa = PBXBuildFile; fileRef = 2D802C881AAFEDD2007CA05B /* ParseUI.framework */; };
		2D867C1D1AAF482800DDAAD6 /* UserCheckInOutCell.swift in Sources */ = {isa = PBXBuildFile; fileRef = 2D867C1C1AAF482800DDAAD6 /* UserCheckInOutCell.swift */; };
		2D867C211AAFAD1C00DDAAD6 /* Utils.swift in Sources */ = {isa = PBXBuildFile; fileRef = 2D867C201AAFAD1C00DDAAD6 /* Utils.swift */; };
		2DC3DBE51AB3FB6B0027EAE2 /* FeedObject.swift in Sources */ = {isa = PBXBuildFile; fileRef = 2DC3DBE41AB3FB6B0027EAE2 /* FeedObject.swift */; };
		2DC3DBE71ABB247D0027EAE2 /* ParseDAO.swift in Sources */ = {isa = PBXBuildFile; fileRef = 2DC3DBE61ABB247D0027EAE2 /* ParseDAO.swift */; };
		2DD06BDF1A8192920044D558 /* UIKit.framework in Frameworks */ = {isa = PBXBuildFile; fileRef = 2DD06BDE1A8192920044D558 /* UIKit.framework */; };
		2DD06BF41A81A7100044D558 /* Lato-BlackItalic.ttf in Resources */ = {isa = PBXBuildFile; fileRef = 2DD06BE21A81A7100044D558 /* Lato-BlackItalic.ttf */; };
		2DD06BF51A81A7100044D558 /* Lato-Bold.ttf in Resources */ = {isa = PBXBuildFile; fileRef = 2DD06BE31A81A7100044D558 /* Lato-Bold.ttf */; };
		2DD06BF61A81A7100044D558 /* Lato-BoldItalic.ttf in Resources */ = {isa = PBXBuildFile; fileRef = 2DD06BE41A81A7100044D558 /* Lato-BoldItalic.ttf */; };
		2DD06BF71A81A7100044D558 /* Lato-Hairline.ttf in Resources */ = {isa = PBXBuildFile; fileRef = 2DD06BE51A81A7100044D558 /* Lato-Hairline.ttf */; };
		2DD06BF81A81A7100044D558 /* Lato-HairlineItalic.ttf in Resources */ = {isa = PBXBuildFile; fileRef = 2DD06BE61A81A7100044D558 /* Lato-HairlineItalic.ttf */; };
		2DD06BF91A81A7100044D558 /* Lato-Italic.ttf in Resources */ = {isa = PBXBuildFile; fileRef = 2DD06BE71A81A7100044D558 /* Lato-Italic.ttf */; };
		2DD06BFA1A81A7100044D558 /* Lato-Light.ttf in Resources */ = {isa = PBXBuildFile; fileRef = 2DD06BE81A81A7100044D558 /* Lato-Light.ttf */; };
		2DD06BFB1A81A7100044D558 /* Lato-LightItalic.ttf in Resources */ = {isa = PBXBuildFile; fileRef = 2DD06BE91A81A7100044D558 /* Lato-LightItalic.ttf */; };
		2DD06BFC1A81A7100044D558 /* Lato-Regular.ttf in Resources */ = {isa = PBXBuildFile; fileRef = 2DD06BEA1A81A7100044D558 /* Lato-Regular.ttf */; };
		2DD06BFD1A81A7100044D558 /* Lato-Black.ttf in Resources */ = {isa = PBXBuildFile; fileRef = 2DD06BEB1A81A7100044D558 /* Lato-Black.ttf */; };
		2DD06BFE1A81A7100044D558 /* Lato-SemiboldItalic.ttf in Resources */ = {isa = PBXBuildFile; fileRef = 2DD06BEC1A81A7100044D558 /* Lato-SemiboldItalic.ttf */; };
		2DD06BFF1A81A7100044D558 /* Lato-Semibold.ttf in Resources */ = {isa = PBXBuildFile; fileRef = 2DD06BED1A81A7100044D558 /* Lato-Semibold.ttf */; };
		2DD06C001A81A7100044D558 /* Lato-Thin.ttf in Resources */ = {isa = PBXBuildFile; fileRef = 2DD06BEE1A81A7100044D558 /* Lato-Thin.ttf */; };
		2DD06C011A81A7100044D558 /* Lato-ThinItalic.ttf in Resources */ = {isa = PBXBuildFile; fileRef = 2DD06BEF1A81A7100044D558 /* Lato-ThinItalic.ttf */; };
		2DD06C021A81A7100044D558 /* Lato-Medium.ttf in Resources */ = {isa = PBXBuildFile; fileRef = 2DD06BF01A81A7100044D558 /* Lato-Medium.ttf */; };
		2DD06C031A81A7100044D558 /* Lato-MediumItalic.ttf in Resources */ = {isa = PBXBuildFile; fileRef = 2DD06BF11A81A7100044D558 /* Lato-MediumItalic.ttf */; };
		2DD06C041A81A7100044D558 /* Lato-Heavy.ttf in Resources */ = {isa = PBXBuildFile; fileRef = 2DD06BF21A81A7100044D558 /* Lato-Heavy.ttf */; };
		2DD06C051A81A7100044D558 /* Lato-HeavyItalic.ttf in Resources */ = {isa = PBXBuildFile; fileRef = 2DD06BF31A81A7100044D558 /* Lato-HeavyItalic.ttf */; };
		2DD06C071A81F5B70044D558 /* StatusCheckInViewController.swift in Sources */ = {isa = PBXBuildFile; fileRef = 2DD06C061A81F5B70044D558 /* StatusCheckInViewController.swift */; };
		2DD06C0A1A81F5F20044D558 /* GroupsViewController.swift in Sources */ = {isa = PBXBuildFile; fileRef = 2DD06C091A81F5F20044D558 /* GroupsViewController.swift */; };
		2DD06C0C1A81F5FF0044D558 /* ProfileViewController.swift in Sources */ = {isa = PBXBuildFile; fileRef = 2DD06C0B1A81F5FF0044D558 /* ProfileViewController.swift */; };
		2DD06C0E1A81F6190044D558 /* MessagesViewController.swift in Sources */ = {isa = PBXBuildFile; fileRef = 2DD06C0D1A81F6190044D558 /* MessagesViewController.swift */; };
		2DD06C101A81F8510044D558 /* FacebookSDK.framework in Frameworks */ = {isa = PBXBuildFile; fileRef = 2DD06C0F1A81F8510044D558 /* FacebookSDK.framework */; };
		2DD06C121A829CF10044D558 /* LoginViewController.swift in Sources */ = {isa = PBXBuildFile; fileRef = 2DD06C111A829CF10044D558 /* LoginViewController.swift */; };
		2DD06C141A82B0F20044D558 /* User.swift in Sources */ = {isa = PBXBuildFile; fileRef = 2DD06C131A82B0F20044D558 /* User.swift */; };
		2DD06C161A830F550044D558 /* MainTabBarController.swift in Sources */ = {isa = PBXBuildFile; fileRef = 2DD06C151A830F550044D558 /* MainTabBarController.swift */; };
		2DF1CB371AD35D7400A46282 /* NewsFeedViewController.swift in Sources */ = {isa = PBXBuildFile; fileRef = 2DF1CB361AD35D7400A46282 /* NewsFeedViewController.swift */; };
		2DF43A1B1AAEA819003F5321 /* UserPostCell.swift in Sources */ = {isa = PBXBuildFile; fileRef = 2DF43A1A1AAEA819003F5321 /* UserPostCell.swift */; };
/* End PBXBuildFile section */

/* Begin PBXContainerItemProxy section */
		2D3EE9EA1A784AE100C23B1E /* PBXContainerItemProxy */ = {
			isa = PBXContainerItemProxy;
			containerPortal = 2D3EE9CC1A784AE100C23B1E /* Project object */;
			proxyType = 1;
			remoteGlobalIDString = 2D3EE9D31A784AE100C23B1E;
			remoteInfo = StudyIn_iOS;
		};
/* End PBXContainerItemProxy section */

/* Begin PBXFileReference section */
		131B6FB0D02765647B473A8C /* Pods.release.xcconfig */ = {isa = PBXFileReference; includeInIndex = 1; lastKnownFileType = text.xcconfig; name = Pods.release.xcconfig; path = "Pods/Target Support Files/Pods/Pods.release.xcconfig"; sourceTree = "<group>"; };
		2D3EE9D41A784AE100C23B1E /* StudyIn_iOS.app */ = {isa = PBXFileReference; explicitFileType = wrapper.application; includeInIndex = 0; path = StudyIn_iOS.app; sourceTree = BUILT_PRODUCTS_DIR; };
		2D3EE9D81A784AE100C23B1E /* Info.plist */ = {isa = PBXFileReference; lastKnownFileType = text.plist.xml; path = Info.plist; sourceTree = "<group>"; };
		2D3EE9D91A784AE100C23B1E /* AppDelegate.swift */ = {isa = PBXFileReference; lastKnownFileType = sourcecode.swift; path = AppDelegate.swift; sourceTree = "<group>"; };
		2D3EE9DE1A784AE100C23B1E /* Base */ = {isa = PBXFileReference; lastKnownFileType = file.storyboard; name = Base; path = Base.lproj/Main.storyboard; sourceTree = "<group>"; };
		2D3EE9E01A784AE100C23B1E /* Images.xcassets */ = {isa = PBXFileReference; lastKnownFileType = folder.assetcatalog; path = Images.xcassets; sourceTree = "<group>"; };
		2D3EE9E31A784AE100C23B1E /* Base */ = {isa = PBXFileReference; lastKnownFileType = file.xib; name = Base; path = Base.lproj/LaunchScreen.xib; sourceTree = "<group>"; };
		2D3EE9E91A784AE100C23B1E /* StudyIn_iOSTests.xctest */ = {isa = PBXFileReference; explicitFileType = wrapper.cfbundle; includeInIndex = 0; path = StudyIn_iOSTests.xctest; sourceTree = BUILT_PRODUCTS_DIR; };
		2D3EE9F91A784DD200C23B1E /* Bolts.framework */ = {isa = PBXFileReference; lastKnownFileType = wrapper.framework; name = Bolts.framework; path = "../../../Downloads/parse-library-1.6.2/Bolts.framework"; sourceTree = "<group>"; };
		2D3EE9FA1A784DD200C23B1E /* Parse.framework */ = {isa = PBXFileReference; lastKnownFileType = wrapper.framework; name = Parse.framework; path = "../../../Downloads/parse-library-1.6.2/Parse.framework"; sourceTree = "<group>"; };
		2D3EE9FD1A784E0A00C23B1E /* AudioToolbox.framework */ = {isa = PBXFileReference; lastKnownFileType = wrapper.framework; name = AudioToolbox.framework; path = System/Library/Frameworks/AudioToolbox.framework; sourceTree = SDKROOT; };
		2D3EE9FF1A784E1300C23B1E /* CFNetwork.framework */ = {isa = PBXFileReference; lastKnownFileType = wrapper.framework; name = CFNetwork.framework; path = System/Library/Frameworks/CFNetwork.framework; sourceTree = SDKROOT; };
		2D3EEA011A784E1B00C23B1E /* CoreGraphics.framework */ = {isa = PBXFileReference; lastKnownFileType = wrapper.framework; name = CoreGraphics.framework; path = System/Library/Frameworks/CoreGraphics.framework; sourceTree = SDKROOT; };
		2D3EEA031A784E2300C23B1E /* CoreLocation.framework */ = {isa = PBXFileReference; lastKnownFileType = wrapper.framework; name = CoreLocation.framework; path = System/Library/Frameworks/CoreLocation.framework; sourceTree = SDKROOT; };
		2D3EEA051A784E2B00C23B1E /* MobileCoreServices.framework */ = {isa = PBXFileReference; lastKnownFileType = wrapper.framework; name = MobileCoreServices.framework; path = System/Library/Frameworks/MobileCoreServices.framework; sourceTree = SDKROOT; };
		2D3EEA071A784E2F00C23B1E /* QuartzCore.framework */ = {isa = PBXFileReference; lastKnownFileType = wrapper.framework; name = QuartzCore.framework; path = System/Library/Frameworks/QuartzCore.framework; sourceTree = SDKROOT; };
		2D3EEA091A784E3600C23B1E /* Security.framework */ = {isa = PBXFileReference; lastKnownFileType = wrapper.framework; name = Security.framework; path = System/Library/Frameworks/Security.framework; sourceTree = SDKROOT; };
		2D3EEA0B1A784E3E00C23B1E /* StoreKit.framework */ = {isa = PBXFileReference; lastKnownFileType = wrapper.framework; name = StoreKit.framework; path = System/Library/Frameworks/StoreKit.framework; sourceTree = SDKROOT; };
		2D3EEA0D1A784E4A00C23B1E /* SystemConfiguration.framework */ = {isa = PBXFileReference; lastKnownFileType = wrapper.framework; name = SystemConfiguration.framework; path = System/Library/Frameworks/SystemConfiguration.framework; sourceTree = SDKROOT; };
		2D3EEA0F1A784E5500C23B1E /* libz.dylib */ = {isa = PBXFileReference; lastKnownFileType = "compiled.mach-o.dylib"; name = libz.dylib; path = usr/lib/libz.dylib; sourceTree = SDKROOT; };
		2D3EEA111A784E6300C23B1E /* libsqlite3.dylib */ = {isa = PBXFileReference; lastKnownFileType = "compiled.mach-o.dylib"; name = libsqlite3.dylib; path = usr/lib/libsqlite3.dylib; sourceTree = SDKROOT; };
		2D3EEA131A784FD800C23B1E /* StudyIn_iOS-Bridging-Header.h */ = {isa = PBXFileReference; lastKnownFileType = sourcecode.c.h; path = "StudyIn_iOS-Bridging-Header.h"; sourceTree = "<group>"; };
		2D54D4CE1AA6BC7600A0849F /* UserPost.swift */ = {isa = PBXFileReference; fileEncoding = 4; lastKnownFileType = sourcecode.swift; path = UserPost.swift; sourceTree = "<group>"; };
		2D54D4D01AA6BCDA00A0849F /* UserCheckInOut.swift */ = {isa = PBXFileReference; fileEncoding = 4; lastKnownFileType = sourcecode.swift; path = UserCheckInOut.swift; sourceTree = "<group>"; };
		2D802C861AAFEDD2007CA05B /* ParseCrashReporting.framework */ = {isa = PBXFileReference; lastKnownFileType = wrapper.framework; name = ParseCrashReporting.framework; path = "../../../Downloads/parse-library-1.6.2/ParseCrashReporting.framework"; sourceTree = "<group>"; };
		2D802C871AAFEDD2007CA05B /* ParseFacebookUtils.framework */ = {isa = PBXFileReference; lastKnownFileType = wrapper.framework; name = ParseFacebookUtils.framework; path = "../../../Downloads/parse-library-1.6.2/ParseFacebookUtils.framework"; sourceTree = "<group>"; };
		2D802C881AAFEDD2007CA05B /* ParseUI.framework */ = {isa = PBXFileReference; lastKnownFileType = wrapper.framework; name = ParseUI.framework; path = "../../../Downloads/parse-library-1.6.2/ParseUI.framework"; sourceTree = "<group>"; };
		2D867C1C1AAF482800DDAAD6 /* UserCheckInOutCell.swift */ = {isa = PBXFileReference; fileEncoding = 4; lastKnownFileType = sourcecode.swift; path = UserCheckInOutCell.swift; sourceTree = "<group>"; };
		2D867C201AAFAD1C00DDAAD6 /* Utils.swift */ = {isa = PBXFileReference; fileEncoding = 4; lastKnownFileType = sourcecode.swift; path = Utils.swift; sourceTree = "<group>"; };
		2DC3DBE41AB3FB6B0027EAE2 /* FeedObject.swift */ = {isa = PBXFileReference; fileEncoding = 4; lastKnownFileType = sourcecode.swift; path = FeedObject.swift; sourceTree = "<group>"; };
		2DC3DBE61ABB247D0027EAE2 /* ParseDAO.swift */ = {isa = PBXFileReference; fileEncoding = 4; lastKnownFileType = sourcecode.swift; path = ParseDAO.swift; sourceTree = "<group>"; };
		2DD06BDE1A8192920044D558 /* UIKit.framework */ = {isa = PBXFileReference; lastKnownFileType = wrapper.framework; name = UIKit.framework; path = System/Library/Frameworks/UIKit.framework; sourceTree = SDKROOT; };
		2DD06BE21A81A7100044D558 /* Lato-BlackItalic.ttf */ = {isa = PBXFileReference; lastKnownFileType = file; name = "Lato-BlackItalic.ttf"; path = "../../../Downloads/lato (1)/Lato-BlackItalic.ttf"; sourceTree = "<group>"; };
		2DD06BE31A81A7100044D558 /* Lato-Bold.ttf */ = {isa = PBXFileReference; lastKnownFileType = file; name = "Lato-Bold.ttf"; path = "../../../Downloads/lato (1)/Lato-Bold.ttf"; sourceTree = "<group>"; };
		2DD06BE41A81A7100044D558 /* Lato-BoldItalic.ttf */ = {isa = PBXFileReference; lastKnownFileType = file; name = "Lato-BoldItalic.ttf"; path = "../../../Downloads/lato (1)/Lato-BoldItalic.ttf"; sourceTree = "<group>"; };
		2DD06BE51A81A7100044D558 /* Lato-Hairline.ttf */ = {isa = PBXFileReference; lastKnownFileType = file; name = "Lato-Hairline.ttf"; path = "../../../Downloads/lato (1)/Lato-Hairline.ttf"; sourceTree = "<group>"; };
		2DD06BE61A81A7100044D558 /* Lato-HairlineItalic.ttf */ = {isa = PBXFileReference; lastKnownFileType = file; name = "Lato-HairlineItalic.ttf"; path = "../../../Downloads/lato (1)/Lato-HairlineItalic.ttf"; sourceTree = "<group>"; };
		2DD06BE71A81A7100044D558 /* Lato-Italic.ttf */ = {isa = PBXFileReference; lastKnownFileType = file; name = "Lato-Italic.ttf"; path = "../../../Downloads/lato (1)/Lato-Italic.ttf"; sourceTree = "<group>"; };
		2DD06BE81A81A7100044D558 /* Lato-Light.ttf */ = {isa = PBXFileReference; lastKnownFileType = file; name = "Lato-Light.ttf"; path = "../../../Downloads/lato (1)/Lato-Light.ttf"; sourceTree = "<group>"; };
		2DD06BE91A81A7100044D558 /* Lato-LightItalic.ttf */ = {isa = PBXFileReference; lastKnownFileType = file; name = "Lato-LightItalic.ttf"; path = "../../../Downloads/lato (1)/Lato-LightItalic.ttf"; sourceTree = "<group>"; };
		2DD06BEA1A81A7100044D558 /* Lato-Regular.ttf */ = {isa = PBXFileReference; lastKnownFileType = file; name = "Lato-Regular.ttf"; path = "../../../Downloads/lato (1)/Lato-Regular.ttf"; sourceTree = "<group>"; };
		2DD06BEB1A81A7100044D558 /* Lato-Black.ttf */ = {isa = PBXFileReference; lastKnownFileType = file; name = "Lato-Black.ttf"; path = "../../../Downloads/lato (1)/Lato-Black.ttf"; sourceTree = "<group>"; };
		2DD06BEC1A81A7100044D558 /* Lato-SemiboldItalic.ttf */ = {isa = PBXFileReference; lastKnownFileType = file; name = "Lato-SemiboldItalic.ttf"; path = "../../../Downloads/lato (1)/Lato-SemiboldItalic.ttf"; sourceTree = "<group>"; };
		2DD06BED1A81A7100044D558 /* Lato-Semibold.ttf */ = {isa = PBXFileReference; lastKnownFileType = file; name = "Lato-Semibold.ttf"; path = "../../../Downloads/lato (1)/Lato-Semibold.ttf"; sourceTree = "<group>"; };
		2DD06BEE1A81A7100044D558 /* Lato-Thin.ttf */ = {isa = PBXFileReference; lastKnownFileType = file; name = "Lato-Thin.ttf"; path = "../../../Downloads/lato (1)/Lato-Thin.ttf"; sourceTree = "<group>"; };
		2DD06BEF1A81A7100044D558 /* Lato-ThinItalic.ttf */ = {isa = PBXFileReference; lastKnownFileType = file; name = "Lato-ThinItalic.ttf"; path = "../../../Downloads/lato (1)/Lato-ThinItalic.ttf"; sourceTree = "<group>"; };
		2DD06BF01A81A7100044D558 /* Lato-Medium.ttf */ = {isa = PBXFileReference; lastKnownFileType = file; name = "Lato-Medium.ttf"; path = "../../../Downloads/lato (1)/Lato-Medium.ttf"; sourceTree = "<group>"; };
		2DD06BF11A81A7100044D558 /* Lato-MediumItalic.ttf */ = {isa = PBXFileReference; lastKnownFileType = file; name = "Lato-MediumItalic.ttf"; path = "../../../Downloads/lato (1)/Lato-MediumItalic.ttf"; sourceTree = "<group>"; };
		2DD06BF21A81A7100044D558 /* Lato-Heavy.ttf */ = {isa = PBXFileReference; lastKnownFileType = file; name = "Lato-Heavy.ttf"; path = "../../../Downloads/lato (1)/Lato-Heavy.ttf"; sourceTree = "<group>"; };
		2DD06BF31A81A7100044D558 /* Lato-HeavyItalic.ttf */ = {isa = PBXFileReference; lastKnownFileType = file; name = "Lato-HeavyItalic.ttf"; path = "../../../Downloads/lato (1)/Lato-HeavyItalic.ttf"; sourceTree = "<group>"; };
		2DD06C061A81F5B70044D558 /* StatusCheckInViewController.swift */ = {isa = PBXFileReference; fileEncoding = 4; lastKnownFileType = sourcecode.swift; path = StatusCheckInViewController.swift; sourceTree = "<group>"; };
		2DD06C091A81F5F20044D558 /* GroupsViewController.swift */ = {isa = PBXFileReference; fileEncoding = 4; lastKnownFileType = sourcecode.swift; path = GroupsViewController.swift; sourceTree = "<group>"; };
		2DD06C0B1A81F5FF0044D558 /* ProfileViewController.swift */ = {isa = PBXFileReference; fileEncoding = 4; lastKnownFileType = sourcecode.swift; path = ProfileViewController.swift; sourceTree = "<group>"; };
		2DD06C0D1A81F6190044D558 /* MessagesViewController.swift */ = {isa = PBXFileReference; fileEncoding = 4; lastKnownFileType = sourcecode.swift; path = MessagesViewController.swift; sourceTree = "<group>"; };
		2DD06C0F1A81F8510044D558 /* FacebookSDK.framework */ = {isa = PBXFileReference; lastKnownFileType = wrapper.framework; name = FacebookSDK.framework; path = ../../FacebookSDK/FacebookSDK.framework; sourceTree = "<group>"; };
		2DD06C111A829CF10044D558 /* LoginViewController.swift */ = {isa = PBXFileReference; fileEncoding = 4; lastKnownFileType = sourcecode.swift; path = LoginViewController.swift; sourceTree = "<group>"; };
		2DD06C131A82B0F20044D558 /* User.swift */ = {isa = PBXFileReference; fileEncoding = 4; lastKnownFileType = sourcecode.swift; path = User.swift; sourceTree = "<group>"; };
		2DD06C151A830F550044D558 /* MainTabBarController.swift */ = {isa = PBXFileReference; fileEncoding = 4; lastKnownFileType = sourcecode.swift; path = MainTabBarController.swift; sourceTree = "<group>"; };
		2DEC3EF79EEBDE8DCA1CB619 /* Pods.debug.xcconfig */ = {isa = PBXFileReference; includeInIndex = 1; lastKnownFileType = text.xcconfig; name = Pods.debug.xcconfig; path = "Pods/Target Support Files/Pods/Pods.debug.xcconfig"; sourceTree = "<group>"; };
		2DF1CB361AD35D7400A46282 /* NewsFeedViewController.swift */ = {isa = PBXFileReference; fileEncoding = 4; lastKnownFileType = sourcecode.swift; path = NewsFeedViewController.swift; sourceTree = "<group>"; };
		2DF43A1A1AAEA819003F5321 /* UserPostCell.swift */ = {isa = PBXFileReference; fileEncoding = 4; lastKnownFileType = sourcecode.swift; path = UserPostCell.swift; sourceTree = "<group>"; };
/* End PBXFileReference section */

/* Begin PBXFrameworksBuildPhase section */
		2D3EE9D11A784AE100C23B1E /* Frameworks */ = {
			isa = PBXFrameworksBuildPhase;
			buildActionMask = 2147483647;
			files = (
				2D802C891AAFEDD2007CA05B /* ParseCrashReporting.framework in Frameworks */,
				2D802C8A1AAFEDD2007CA05B /* ParseFacebookUtils.framework in Frameworks */,
				2D802C8B1AAFEDD2007CA05B /* ParseUI.framework in Frameworks */,
				2D3EE9FB1A784DD200C23B1E /* Bolts.framework in Frameworks */,
				2D3EE9FC1A784DD200C23B1E /* Parse.framework in Frameworks */,
				2DD06BDF1A8192920044D558 /* UIKit.framework in Frameworks */,
				2D3EEA121A784E6300C23B1E /* libsqlite3.dylib in Frameworks */,
				2D3EEA101A784E5500C23B1E /* libz.dylib in Frameworks */,
				2D3EEA0E1A784E4A00C23B1E /* SystemConfiguration.framework in Frameworks */,
				2D3EEA0C1A784E3E00C23B1E /* StoreKit.framework in Frameworks */,
				2D3EEA0A1A784E3600C23B1E /* Security.framework in Frameworks */,
				2D3EEA081A784E2F00C23B1E /* QuartzCore.framework in Frameworks */,
				2D3EEA061A784E2B00C23B1E /* MobileCoreServices.framework in Frameworks */,
				2D3EEA041A784E2300C23B1E /* CoreLocation.framework in Frameworks */,
				2D3EEA021A784E1B00C23B1E /* CoreGraphics.framework in Frameworks */,
				2D3EEA001A784E1300C23B1E /* CFNetwork.framework in Frameworks */,
				2DD06C101A81F8510044D558 /* FacebookSDK.framework in Frameworks */,
				2D3EE9FE1A784E0A00C23B1E /* AudioToolbox.framework in Frameworks */,
			);
			runOnlyForDeploymentPostprocessing = 0;
		};
		2D3EE9E61A784AE100C23B1E /* Frameworks */ = {
			isa = PBXFrameworksBuildPhase;
			buildActionMask = 2147483647;
			files = (
			);
			runOnlyForDeploymentPostprocessing = 0;
		};
/* End PBXFrameworksBuildPhase section */

/* Begin PBXGroup section */
		2D3EE9CB1A784AE100C23B1E = {
			isa = PBXGroup;
			children = (
				2DD06BE11A81A6D90044D558 /* Resources */,
				2DD06BE01A8192A90044D558 /* Frameworks */,
				2D3EE9D61A784AE100C23B1E /* StudyIn_iOS */,
				2D3EE9D51A784AE100C23B1E /* Products */,
				A6D139D6957DE7642BA7E6B4 /* Pods */,
			);
			sourceTree = "<group>";
		};
		2D3EE9D51A784AE100C23B1E /* Products */ = {
			isa = PBXGroup;
			children = (
				2D3EE9D41A784AE100C23B1E /* StudyIn_iOS.app */,
				2D3EE9E91A784AE100C23B1E /* StudyIn_iOSTests.xctest */,
			);
			name = Products;
			sourceTree = "<group>";
		};
		2D3EE9D61A784AE100C23B1E /* StudyIn_iOS */ = {
			isa = PBXGroup;
			children = (
				2DF43A191AAE9DB0003F5321 /* CustomCells */,
				2D3EE9D91A784AE100C23B1E /* AppDelegate.swift */,
				2DD06C081A81F5D00044D558 /* ViewControllers */,
				2D3EE9DD1A784AE100C23B1E /* Main.storyboard */,
				2D3EE9D71A784AE100C23B1E /* Supporting Files */,
				2D3EE9E01A784AE100C23B1E /* Images.xcassets */,
				2D3EE9E21A784AE100C23B1E /* LaunchScreen.xib */,
				2D3EEA131A784FD800C23B1E /* StudyIn_iOS-Bridging-Header.h */,
				2DD06C131A82B0F20044D558 /* User.swift */,
				2DC3DBE41AB3FB6B0027EAE2 /* FeedObject.swift */,
				2D54D4CE1AA6BC7600A0849F /* UserPost.swift */,
				2D54D4D01AA6BCDA00A0849F /* UserCheckInOut.swift */,
				2D867C201AAFAD1C00DDAAD6 /* Utils.swift */,
				2DC3DBE61ABB247D0027EAE2 /* ParseDAO.swift */,
			);
			path = StudyIn_iOS;
			sourceTree = "<group>";
		};
		2D3EE9D71A784AE100C23B1E /* Supporting Files */ = {
			isa = PBXGroup;
			children = (
				2D3EE9D81A784AE100C23B1E /* Info.plist */,
			);
			name = "Supporting Files";
			sourceTree = "<group>";
		};
		2DD06BE01A8192A90044D558 /* Frameworks */ = {
			isa = PBXGroup;
			children = (
				2D802C861AAFEDD2007CA05B /* ParseCrashReporting.framework */,
				2D802C871AAFEDD2007CA05B /* ParseFacebookUtils.framework */,
				2D802C881AAFEDD2007CA05B /* ParseUI.framework */,
				2DD06C0F1A81F8510044D558 /* FacebookSDK.framework */,
				2DD06BDE1A8192920044D558 /* UIKit.framework */,
				2D3EEA111A784E6300C23B1E /* libsqlite3.dylib */,
				2D3EEA0F1A784E5500C23B1E /* libz.dylib */,
				2D3EEA0D1A784E4A00C23B1E /* SystemConfiguration.framework */,
				2D3EEA0B1A784E3E00C23B1E /* StoreKit.framework */,
				2D3EEA091A784E3600C23B1E /* Security.framework */,
				2D3EEA071A784E2F00C23B1E /* QuartzCore.framework */,
				2D3EEA051A784E2B00C23B1E /* MobileCoreServices.framework */,
				2D3EEA031A784E2300C23B1E /* CoreLocation.framework */,
				2D3EEA011A784E1B00C23B1E /* CoreGraphics.framework */,
				2D3EE9FF1A784E1300C23B1E /* CFNetwork.framework */,
				2D3EE9FD1A784E0A00C23B1E /* AudioToolbox.framework */,
				2D3EE9F91A784DD200C23B1E /* Bolts.framework */,
				2D3EE9FA1A784DD200C23B1E /* Parse.framework */,
			);
			name = Frameworks;
			sourceTree = "<group>";
		};
		2DD06BE11A81A6D90044D558 /* Resources */ = {
			isa = PBXGroup;
			children = (
				2DD06BE21A81A7100044D558 /* Lato-BlackItalic.ttf */,
				2DD06BE31A81A7100044D558 /* Lato-Bold.ttf */,
				2DD06BE41A81A7100044D558 /* Lato-BoldItalic.ttf */,
				2DD06BE51A81A7100044D558 /* Lato-Hairline.ttf */,
				2DD06BE61A81A7100044D558 /* Lato-HairlineItalic.ttf */,
				2DD06BE71A81A7100044D558 /* Lato-Italic.ttf */,
				2DD06BE81A81A7100044D558 /* Lato-Light.ttf */,
				2DD06BE91A81A7100044D558 /* Lato-LightItalic.ttf */,
				2DD06BEA1A81A7100044D558 /* Lato-Regular.ttf */,
				2DD06BEB1A81A7100044D558 /* Lato-Black.ttf */,
				2DD06BEC1A81A7100044D558 /* Lato-SemiboldItalic.ttf */,
				2DD06BED1A81A7100044D558 /* Lato-Semibold.ttf */,
				2DD06BEE1A81A7100044D558 /* Lato-Thin.ttf */,
				2DD06BEF1A81A7100044D558 /* Lato-ThinItalic.ttf */,
				2DD06BF01A81A7100044D558 /* Lato-Medium.ttf */,
				2DD06BF11A81A7100044D558 /* Lato-MediumItalic.ttf */,
				2DD06BF21A81A7100044D558 /* Lato-Heavy.ttf */,
				2DD06BF31A81A7100044D558 /* Lato-HeavyItalic.ttf */,
			);
			name = Resources;
			sourceTree = "<group>";
		};
		2DD06C081A81F5D00044D558 /* ViewControllers */ = {
			isa = PBXGroup;
			children = (
				2DD06C061A81F5B70044D558 /* StatusCheckInViewController.swift */,
				2DD06C091A81F5F20044D558 /* GroupsViewController.swift */,
				2DD06C0B1A81F5FF0044D558 /* ProfileViewController.swift */,
				2DD06C0D1A81F6190044D558 /* MessagesViewController.swift */,
				2DD06C111A829CF10044D558 /* LoginViewController.swift */,
				2DD06C151A830F550044D558 /* MainTabBarController.swift */,
				2DF1CB361AD35D7400A46282 /* NewsFeedViewController.swift */,
			);
			name = ViewControllers;
			sourceTree = "<group>";
		};
		2DF43A191AAE9DB0003F5321 /* CustomCells */ = {
			isa = PBXGroup;
			children = (
				2DF43A1A1AAEA819003F5321 /* UserPostCell.swift */,
				2D867C1C1AAF482800DDAAD6 /* UserCheckInOutCell.swift */,
			);
			name = CustomCells;
			sourceTree = "<group>";
		};
		A6D139D6957DE7642BA7E6B4 /* Pods */ = {
			isa = PBXGroup;
			children = (
				2DEC3EF79EEBDE8DCA1CB619 /* Pods.debug.xcconfig */,
				131B6FB0D02765647B473A8C /* Pods.release.xcconfig */,
			);
			name = Pods;
			sourceTree = "<group>";
		};
/* End PBXGroup section */

/* Begin PBXNativeTarget section */
		2D3EE9D31A784AE100C23B1E /* StudyIn_iOS */ = {
			isa = PBXNativeTarget;
			buildConfigurationList = 2D3EE9F31A784AE200C23B1E /* Build configuration list for PBXNativeTarget "StudyIn_iOS" */;
			buildPhases = (
				2D3EE9D01A784AE100C23B1E /* Sources */,
				2D3EE9D11A784AE100C23B1E /* Frameworks */,
				2D3EE9D21A784AE100C23B1E /* Resources */,
			);
			buildRules = (
			);
			dependencies = (
			);
			name = StudyIn_iOS;
			productName = StudyIn_iOS;
			productReference = 2D3EE9D41A784AE100C23B1E /* StudyIn_iOS.app */;
			productType = "com.apple.product-type.application";
		};
		2D3EE9E81A784AE100C23B1E /* StudyIn_iOSTests */ = {
			isa = PBXNativeTarget;
			buildConfigurationList = 2D3EE9F61A784AE200C23B1E /* Build configuration list for PBXNativeTarget "StudyIn_iOSTests" */;
			buildPhases = (
				2D3EE9E51A784AE100C23B1E /* Sources */,
				2D3EE9E61A784AE100C23B1E /* Frameworks */,
				2D3EE9E71A784AE100C23B1E /* Resources */,
			);
			buildRules = (
			);
			dependencies = (
				2D3EE9EB1A784AE100C23B1E /* PBXTargetDependency */,
			);
			name = StudyIn_iOSTests;
			productName = StudyIn_iOSTests;
			productReference = 2D3EE9E91A784AE100C23B1E /* StudyIn_iOSTests.xctest */;
			productType = "com.apple.product-type.bundle.unit-test";
		};
/* End PBXNativeTarget section */

/* Begin PBXProject section */
		2D3EE9CC1A784AE100C23B1E /* Project object */ = {
			isa = PBXProject;
			attributes = {
				LastUpgradeCheck = 0620;
				ORGANIZATIONNAME = "Noha Alon & Lucas David";
				TargetAttributes = {
					2D3EE9D31A784AE100C23B1E = {
						CreatedOnToolsVersion = 6.2;
					};
					2D3EE9E81A784AE100C23B1E = {
						CreatedOnToolsVersion = 6.2;
						TestTargetID = 2D3EE9D31A784AE100C23B1E;
					};
				};
			};
			buildConfigurationList = 2D3EE9CF1A784AE100C23B1E /* Build configuration list for PBXProject "StudyIn_iOS" */;
			compatibilityVersion = "Xcode 3.2";
			developmentRegion = English;
			hasScannedForEncodings = 0;
			knownRegions = (
				en,
				Base,
			);
			mainGroup = 2D3EE9CB1A784AE100C23B1E;
			productRefGroup = 2D3EE9D51A784AE100C23B1E /* Products */;
			projectDirPath = "";
			projectRoot = "";
			targets = (
				2D3EE9D31A784AE100C23B1E /* StudyIn_iOS */,
				2D3EE9E81A784AE100C23B1E /* StudyIn_iOSTests */,
			);
		};
/* End PBXProject section */

/* Begin PBXResourcesBuildPhase section */
		2D3EE9D21A784AE100C23B1E /* Resources */ = {
			isa = PBXResourcesBuildPhase;
			buildActionMask = 2147483647;
			files = (
				2DD06C041A81A7100044D558 /* Lato-Heavy.ttf in Resources */,
				2DD06C031A81A7100044D558 /* Lato-MediumItalic.ttf in Resources */,
				2DD06BFB1A81A7100044D558 /* Lato-LightItalic.ttf in Resources */,
				2DD06BF41A81A7100044D558 /* Lato-BlackItalic.ttf in Resources */,
				2DD06BF71A81A7100044D558 /* Lato-Hairline.ttf in Resources */,
				2DD06BF81A81A7100044D558 /* Lato-HairlineItalic.ttf in Resources */,
				2DD06BF51A81A7100044D558 /* Lato-Bold.ttf in Resources */,
				2DD06BFF1A81A7100044D558 /* Lato-Semibold.ttf in Resources */,
				2D3EE9DF1A784AE100C23B1E /* Main.storyboard in Resources */,
				2DD06BFA1A81A7100044D558 /* Lato-Light.ttf in Resources */,
				2DD06BFC1A81A7100044D558 /* Lato-Regular.ttf in Resources */,
				2DD06C001A81A7100044D558 /* Lato-Thin.ttf in Resources */,
				2DD06BF61A81A7100044D558 /* Lato-BoldItalic.ttf in Resources */,
				2D3EE9E41A784AE100C23B1E /* LaunchScreen.xib in Resources */,
				2DD06BFD1A81A7100044D558 /* Lato-Black.ttf in Resources */,
				2DD06C021A81A7100044D558 /* Lato-Medium.ttf in Resources */,
				2DD06BF91A81A7100044D558 /* Lato-Italic.ttf in Resources */,
				2D3EE9E11A784AE100C23B1E /* Images.xcassets in Resources */,
				2DD06BFE1A81A7100044D558 /* Lato-SemiboldItalic.ttf in Resources */,
				2DD06C051A81A7100044D558 /* Lato-HeavyItalic.ttf in Resources */,
				2DD06C011A81A7100044D558 /* Lato-ThinItalic.ttf in Resources */,
			);
			runOnlyForDeploymentPostprocessing = 0;
		};
		2D3EE9E71A784AE100C23B1E /* Resources */ = {
			isa = PBXResourcesBuildPhase;
			buildActionMask = 2147483647;
			files = (
			);
			runOnlyForDeploymentPostprocessing = 0;
		};
/* End PBXResourcesBuildPhase section */

/* Begin PBXSourcesBuildPhase section */
		2D3EE9D01A784AE100C23B1E /* Sources */ = {
			isa = PBXSourcesBuildPhase;
			buildActionMask = 2147483647;
			files = (
				2DD06C121A829CF10044D558 /* LoginViewController.swift in Sources */,
				2DD06C0E1A81F6190044D558 /* MessagesViewController.swift in Sources */,
				2DD06C161A830F550044D558 /* MainTabBarController.swift in Sources */,
				2DF1CB371AD35D7400A46282 /* NewsFeedViewController.swift in Sources */,
				2DD06C0A1A81F5F20044D558 /* GroupsViewController.swift in Sources */,
				2D54D4CF1AA6BC7600A0849F /* UserPost.swift in Sources */,
				2DC3DBE51AB3FB6B0027EAE2 /* FeedObject.swift in Sources */,
				2D867C211AAFAD1C00DDAAD6 /* Utils.swift in Sources */,
				2DC3DBE71ABB247D0027EAE2 /* ParseDAO.swift in Sources */,
				2DD06C141A82B0F20044D558 /* User.swift in Sources */,
				2D54D4D11AA6BCDA00A0849F /* UserCheckInOut.swift in Sources */,
				2DF43A1B1AAEA819003F5321 /* UserPostCell.swift in Sources */,
				2DD06C0C1A81F5FF0044D558 /* ProfileViewController.swift in Sources */,
				2D867C1D1AAF482800DDAAD6 /* UserCheckInOutCell.swift in Sources */,
				2D3EE9DA1A784AE100C23B1E /* AppDelegate.swift in Sources */,
				2DD06C071A81F5B70044D558 /* StatusCheckInViewController.swift in Sources */,
			);
			runOnlyForDeploymentPostprocessing = 0;
		};
		2D3EE9E51A784AE100C23B1E /* Sources */ = {
			isa = PBXSourcesBuildPhase;
			buildActionMask = 2147483647;
			files = (
			);
			runOnlyForDeploymentPostprocessing = 0;
		};
/* End PBXSourcesBuildPhase section */

/* Begin PBXTargetDependency section */
		2D3EE9EB1A784AE100C23B1E /* PBXTargetDependency */ = {
			isa = PBXTargetDependency;
			target = 2D3EE9D31A784AE100C23B1E /* StudyIn_iOS */;
			targetProxy = 2D3EE9EA1A784AE100C23B1E /* PBXContainerItemProxy */;
		};
/* End PBXTargetDependency section */

/* Begin PBXVariantGroup section */
		2D3EE9DD1A784AE100C23B1E /* Main.storyboard */ = {
			isa = PBXVariantGroup;
			children = (
				2D3EE9DE1A784AE100C23B1E /* Base */,
			);
			name = Main.storyboard;
			sourceTree = "<group>";
		};
		2D3EE9E21A784AE100C23B1E /* LaunchScreen.xib */ = {
			isa = PBXVariantGroup;
			children = (
				2D3EE9E31A784AE100C23B1E /* Base */,
			);
			name = LaunchScreen.xib;
			sourceTree = "<group>";
		};
/* End PBXVariantGroup section */

/* Begin XCBuildConfiguration section */
		2D3EE9F11A784AE200C23B1E /* Debug */ = {
			isa = XCBuildConfiguration;
			buildSettings = {
				ALWAYS_SEARCH_USER_PATHS = NO;
				CLANG_CXX_LANGUAGE_STANDARD = "gnu++0x";
				CLANG_CXX_LIBRARY = "libc++";
				CLANG_ENABLE_MODULES = YES;
				CLANG_ENABLE_OBJC_ARC = YES;
				CLANG_WARN_BOOL_CONVERSION = YES;
				CLANG_WARN_CONSTANT_CONVERSION = YES;
				CLANG_WARN_DIRECT_OBJC_ISA_USAGE = YES_ERROR;
				CLANG_WARN_EMPTY_BODY = YES;
				CLANG_WARN_ENUM_CONVERSION = YES;
				CLANG_WARN_INT_CONVERSION = YES;
				CLANG_WARN_OBJC_ROOT_CLASS = YES_ERROR;
				CLANG_WARN_UNREACHABLE_CODE = YES;
				CLANG_WARN__DUPLICATE_METHOD_MATCH = YES;
				"CODE_SIGN_IDENTITY[sdk=iphoneos*]" = "iPhone Developer";
				COPY_PHASE_STRIP = NO;
				ENABLE_STRICT_OBJC_MSGSEND = YES;
				GCC_C_LANGUAGE_STANDARD = gnu99;
				GCC_DYNAMIC_NO_PIC = NO;
				GCC_OPTIMIZATION_LEVEL = 0;
				GCC_PREPROCESSOR_DEFINITIONS = (
					"DEBUG=1",
					"$(inherited)",
				);
				GCC_SYMBOLS_PRIVATE_EXTERN = NO;
				GCC_WARN_64_TO_32_BIT_CONVERSION = YES;
				GCC_WARN_ABOUT_RETURN_TYPE = YES_ERROR;
				GCC_WARN_UNDECLARED_SELECTOR = YES;
				GCC_WARN_UNINITIALIZED_AUTOS = YES_AGGRESSIVE;
				GCC_WARN_UNUSED_FUNCTION = YES;
				GCC_WARN_UNUSED_VARIABLE = YES;
				IPHONEOS_DEPLOYMENT_TARGET = 8.2;
				MTL_ENABLE_DEBUG_INFO = YES;
				ONLY_ACTIVE_ARCH = YES;
				SDKROOT = iphoneos;
				SWIFT_OBJC_BRIDGING_HEADER = "StudyIn_iOS/StudyIn_iOS-Bridging-Header.h";
				SWIFT_OPTIMIZATION_LEVEL = "-Onone";
				TARGETED_DEVICE_FAMILY = "1,2";
			};
			name = Debug;
		};
		2D3EE9F21A784AE200C23B1E /* Release */ = {
			isa = XCBuildConfiguration;
			buildSettings = {
				ALWAYS_SEARCH_USER_PATHS = NO;
				CLANG_CXX_LANGUAGE_STANDARD = "gnu++0x";
				CLANG_CXX_LIBRARY = "libc++";
				CLANG_ENABLE_MODULES = YES;
				CLANG_ENABLE_OBJC_ARC = YES;
				CLANG_WARN_BOOL_CONVERSION = YES;
				CLANG_WARN_CONSTANT_CONVERSION = YES;
				CLANG_WARN_DIRECT_OBJC_ISA_USAGE = YES_ERROR;
				CLANG_WARN_EMPTY_BODY = YES;
				CLANG_WARN_ENUM_CONVERSION = YES;
				CLANG_WARN_INT_CONVERSION = YES;
				CLANG_WARN_OBJC_ROOT_CLASS = YES_ERROR;
				CLANG_WARN_UNREACHABLE_CODE = YES;
				CLANG_WARN__DUPLICATE_METHOD_MATCH = YES;
				"CODE_SIGN_IDENTITY[sdk=iphoneos*]" = "iPhone Developer";
				COPY_PHASE_STRIP = YES;
				ENABLE_NS_ASSERTIONS = NO;
				ENABLE_STRICT_OBJC_MSGSEND = YES;
				GCC_C_LANGUAGE_STANDARD = gnu99;
				GCC_WARN_64_TO_32_BIT_CONVERSION = YES;
				GCC_WARN_ABOUT_RETURN_TYPE = YES_ERROR;
				GCC_WARN_UNDECLARED_SELECTOR = YES;
				GCC_WARN_UNINITIALIZED_AUTOS = YES_AGGRESSIVE;
				GCC_WARN_UNUSED_FUNCTION = YES;
				GCC_WARN_UNUSED_VARIABLE = YES;
				IPHONEOS_DEPLOYMENT_TARGET = 8.2;
				MTL_ENABLE_DEBUG_INFO = NO;
				SDKROOT = iphoneos;
				SWIFT_OBJC_BRIDGING_HEADER = "StudyIn_iOS/StudyIn_iOS-Bridging-Header.h";
				TARGETED_DEVICE_FAMILY = "1,2";
				VALIDATE_PRODUCT = YES;
			};
			name = Release;
		};
		2D3EE9F41A784AE200C23B1E /* Debug */ = {
			isa = XCBuildConfiguration;
			baseConfigurationReference = 2DEC3EF79EEBDE8DCA1CB619 /* Pods.debug.xcconfig */;
			buildSettings = {
				ALWAYS_SEARCH_USER_PATHS = YES;
				ASSETCATALOG_COMPILER_APPICON_NAME = AppIcon;
				CLANG_ENABLE_MODULES = YES;
				CODE_SIGN_IDENTITY = "iPhone Developer";
				FRAMEWORK_SEARCH_PATHS = (
					"$(inherited)",
					"/Users/nohaalon/Downloads/parse-library-1.6.2",
					/Users/nohaalon/Documents/FacebookSDK,
				);
				INFOPLIST_FILE = StudyIn_iOS/Info.plist;
				LD_RUNPATH_SEARCH_PATHS = "$(inherited) @executable_path/Frameworks";
				LIBRARY_SEARCH_PATHS = (
					"$(inherited)",
					"$(PROJECT_DIR)/build/Debug-iphoneos",
				);
				PRODUCT_NAME = "$(TARGET_NAME)";
				SWIFT_OBJC_BRIDGING_HEADER = "StudyIn_iOS/StudyIn_iOS-Bridging-Header.h";
				SWIFT_OPTIMIZATION_LEVEL = "-Onone";
			};
			name = Debug;
		};
		2D3EE9F51A784AE200C23B1E /* Release */ = {
			isa = XCBuildConfiguration;
			baseConfigurationReference = 131B6FB0D02765647B473A8C /* Pods.release.xcconfig */;
			buildSettings = {
				ALWAYS_SEARCH_USER_PATHS = YES;
				ASSETCATALOG_COMPILER_APPICON_NAME = AppIcon;
				CLANG_ENABLE_MODULES = YES;
				CODE_SIGN_IDENTITY = "iPhone Developer";
				FRAMEWORK_SEARCH_PATHS = (
					"$(inherited)",
					"/Users/nohaalon/Downloads/parse-library-1.6.2",
					/Users/nohaalon/Documents/FacebookSDK,
				);
				INFOPLIST_FILE = StudyIn_iOS/Info.plist;
				LD_RUNPATH_SEARCH_PATHS = "$(inherited) @executable_path/Frameworks";
				LIBRARY_SEARCH_PATHS = (
					"$(inherited)",
					"$(PROJECT_DIR)/build/Debug-iphoneos",
				);
				PRODUCT_NAME = "$(TARGET_NAME)";
				SWIFT_OBJC_BRIDGING_HEADER = "StudyIn_iOS/StudyIn_iOS-Bridging-Header.h";
			};
			name = Release;
		};
		2D3EE9F71A784AE200C23B1E /* Debug */ = {
			isa = XCBuildConfiguration;
			buildSettings = {
				BUNDLE_LOADER = "$(TEST_HOST)";
				FRAMEWORK_SEARCH_PATHS = (
					"$(SDKROOT)/Developer/Library/Frameworks",
					"$(inherited)",
				);
				GCC_PREPROCESSOR_DEFINITIONS = (
					"DEBUG=1",
					"$(inherited)",
				);
				INFOPLIST_FILE = StudyIn_iOSTests/Info.plist;
				LD_RUNPATH_SEARCH_PATHS = "$(inherited) @executable_path/Frameworks @loader_path/Frameworks";
				PRODUCT_NAME = "$(TARGET_NAME)";
				TEST_HOST = "$(BUILT_PRODUCTS_DIR)/StudyIn_iOS.app/StudyIn_iOS";
			};
			name = Debug;
		};
		2D3EE9F81A784AE200C23B1E /* Release */ = {
			isa = XCBuildConfiguration;
			buildSettings = {
				BUNDLE_LOADER = "$(TEST_HOST)";
				FRAMEWORK_SEARCH_PATHS = (
					"$(SDKROOT)/Developer/Library/Frameworks",
					"$(inherited)",
				);
				INFOPLIST_FILE = StudyIn_iOSTests/Info.plist;
				LD_RUNPATH_SEARCH_PATHS = "$(inherited) @executable_path/Frameworks @loader_path/Frameworks";
				PRODUCT_NAME = "$(TARGET_NAME)";
				TEST_HOST = "$(BUILT_PRODUCTS_DIR)/StudyIn_iOS.app/StudyIn_iOS";
			};
			name = Release;
		};
/* End XCBuildConfiguration section */

/* Begin XCConfigurationList section */
		2D3EE9CF1A784AE100C23B1E /* Build configuration list for PBXProject "StudyIn_iOS" */ = {
			isa = XCConfigurationList;
			buildConfigurations = (
				2D3EE9F11A784AE200C23B1E /* Debug */,
				2D3EE9F21A784AE200C23B1E /* Release */,
			);
			defaultConfigurationIsVisible = 0;
			defaultConfigurationName = Release;
		};
		2D3EE9F31A784AE200C23B1E /* Build configuration list for PBXNativeTarget "StudyIn_iOS" */ = {
			isa = XCConfigurationList;
			buildConfigurations = (
				2D3EE9F41A784AE200C23B1E /* Debug */,
				2D3EE9F51A784AE200C23B1E /* Release */,
			);
			defaultConfigurationIsVisible = 0;
			defaultConfigurationName = Release;
		};
		2D3EE9F61A784AE200C23B1E /* Build configuration list for PBXNativeTarget "StudyIn_iOSTests" */ = {
			isa = XCConfigurationList;
			buildConfigurations = (
				2D3EE9F71A784AE200C23B1E /* Debug */,
				2D3EE9F81A784AE200C23B1E /* Release */,
			);
			defaultConfigurationIsVisible = 0;
			defaultConfigurationName = Release;
		};
/* End XCConfigurationList section */
	};
	rootObject = 2D3EE9CC1A784AE100C23B1E /* Project object */;
}
